
Microsoft Visual Studio Solution File, Format Version 12.00
# Visual Studio Version 17
VisualStudioVersion = 17.14.36429.23
MinimumVisualStudioVersion = 10.0.40219.1
Project("{FAE04EC0-301F-11D3-BF4B-00C04F79EFBC}") = "dotnetconsulting.IoCConsole", "dotnetconsulting.IoCConsole\dotnetconsulting.IoCConsole.csproj", "{70FADB99-4783-4E6D-A5E7-1DAC55ED2666}"
EndProject
Global
	GlobalSection(SolutionConfigurationPlatforms) = preSolution
		Debug|Any CPU = Debug|Any CPU
		Release|Any CPU = Release|Any CPU
	EndGlobalSection
	GlobalSection(ProjectConfigurationPlatforms) = postSolution
		{70FADB99-4783-4E6D-A5E7-1DAC55ED2666}.Debug|Any CPU.ActiveCfg = Debug|Any CPU
		{70FADB99-4783-4E6D-A5E7-1DAC55ED2666}.Debug|Any CPU.Build.0 = Debug|Any CPU
		{70FADB99-4783-4E6D-A5E7-1DAC55ED2666}.Release|Any CPU.ActiveCfg = Release|Any CPU
		{70FADB99-4783-4E6D-A5E7-1DAC55ED2666}.Release|Any CPU.Build.0 = Release|Any CPU
	EndGlobalSection
	GlobalSection(SolutionProperties) = preSolution
		HideSolutionNode = FALSE
	EndGlobalSection
	GlobalSection(ExtensibilityGlobals) = postSolution
		SolutionGuid = {EE676DBD-5E59-43C6-8101-5A4F58F792E6}
	EndGlobalSection
EndGlobal
